
Microsoft Visual Studio Solution File, Format Version 12.00
Project("{FAE04EC0-301F-11D3-BF4B-00C04F79EFBC}") = "DayLight.Core", "DayLight.Core\DayLight.Core.csproj", "{2D7E872A-83F3-469B-8F77-AD2A86A345F3}"
EndProject
Project("{FAE04EC0-301F-11D3-BF4B-00C04F79EFBC}") = "DayLight.GameStore", "DayLight.GameStore\DayLight.GameStore.csproj", "{8B72AA05-3B3C-47CB-8A0E-C303659C1DC2}"
EndProject
Project("{FAE04EC0-301F-11D3-BF4B-00C04F79EFBC}") = "DayLight.Moderation", "DayLight.Moderation\DayLight.Moderation.csproj", "{45834421-D267-4F26-AC23-90C10CB1965E}"
EndProject
Project("{FAE04EC0-301F-11D3-BF4B-00C04F79EFBC}") = "DayLight.Subclasses", "DayLight.Subclasses\DayLight.Subclasses.csproj", "{7A2791B1-76EA-413B-898F-410082B34A20}"
EndProject
Project("{FAE04EC0-301F-11D3-BF4B-00C04F79EFBC}") = "DayLight.Testing", "DayLight.Testing\DayLight.Testing.csproj", "{AFBB90A1-1FEB-48FE-997B-253C03F1F10E}"
EndProject
Project("{FAE04EC0-301F-11D3-BF4B-00C04F79EFBC}") = "DayLight.DiscordSync", "DayLight.DiscordSync\DayLight.DiscordSync.csproj", "{8A754F72-A5CD-4AE6-B253-57556421C255}"
EndProject
Project("{FAE04EC0-301F-11D3-BF4B-00C04F79EFBC}") = "DayLight.Stats", "DayLight.Stats\DayLight.Stats.csproj", "{DEDC332A-E423-4C38-9CC7-7280D24E885F}"
EndProject
Project("{FAE04EC0-301F-11D3-BF4B-00C04F79EFBC}") = "DayLight.Dependencys", "DayLight.Dependencys\DayLight.Dependencys.csproj", "{04F7A49F-5696-4B43-80F7-AC5B7F01EB63}"
EndProject
Project("{FAE04EC0-301F-11D3-BF4B-00C04F79EFBC}") = "DayLight.Hints", "DayLight.Hints\DayLight.Hints.csproj", "{9C537F5A-EE9E-4508-BCD5-38F6FF9A9078}"
EndProject
Project("{2150E333-8FDC-42A3-9474-1A3956D46DE8}") = "Neuron", "Neuron", "{65D149DE-B420-4651-AE3B-570EF6C0B878}"
EndProject
Project("{FAE04EC0-301F-11D3-BF4B-00C04F79EFBC}") = "Neuron.Bootstrap", "Neuron.Bootstrap\Neuron.Bootstrap.csproj", "{A42FB731-7860-4FF5-BE59-A00FEB7FA35D}"
EndProject
Project("{FAE04EC0-301F-11D3-BF4B-00C04F79EFBC}") = "Neuron.Platform", "Neuron.Platform\Neuron.Platform.csproj", "{D7ECEFE3-00AA-470F-A190-EF16732A6C2B}"
EndProject
Global
	GlobalSection(SolutionConfigurationPlatforms) = preSolution
		Release|Any CPU = Release|Any CPU
		Debug|Any CPU = Debug|Any CPU
	EndGlobalSection
	GlobalSection(ProjectConfigurationPlatforms) = postSolution
		{2D7E872A-83F3-469B-8F77-AD2A86A345F3}.Release|Any CPU.ActiveCfg = Release|Any CPU
		{2D7E872A-83F3-469B-8F77-AD2A86A345F3}.Release|Any CPU.Build.0 = Release|Any CPU
		{2D7E872A-83F3-469B-8F77-AD2A86A345F3}.Debug|Any CPU.ActiveCfg = Debug|Any CPU
		{2D7E872A-83F3-469B-8F77-AD2A86A345F3}.Debug|Any CPU.Build.0 = Debug|Any CPU
		{8B72AA05-3B3C-47CB-8A0E-C303659C1DC2}.Release|Any CPU.ActiveCfg = Release|Any CPU
		{8B72AA05-3B3C-47CB-8A0E-C303659C1DC2}.Release|Any CPU.Build.0 = Release|Any CPU
		{8B72AA05-3B3C-47CB-8A0E-C303659C1DC2}.Debug|Any CPU.ActiveCfg = Debug|Any CPU
		{8B72AA05-3B3C-47CB-8A0E-C303659C1DC2}.Debug|Any CPU.Build.0 = Debug|Any CPU
		{45834421-D267-4F26-AC23-90C10CB1965E}.Release|Any CPU.ActiveCfg = Release|Any CPU
		{45834421-D267-4F26-AC23-90C10CB1965E}.Release|Any CPU.Build.0 = Release|Any CPU
		{45834421-D267-4F26-AC23-90C10CB1965E}.Debug|Any CPU.ActiveCfg = Debug|Any CPU
		{45834421-D267-4F26-AC23-90C10CB1965E}.Debug|Any CPU.Build.0 = Debug|Any CPU
		{7A2791B1-76EA-413B-898F-410082B34A20}.Release|Any CPU.ActiveCfg = Release|Any CPU
		{7A2791B1-76EA-413B-898F-410082B34A20}.Release|Any CPU.Build.0 = Release|Any CPU
		{7A2791B1-76EA-413B-898F-410082B34A20}.Debug|Any CPU.ActiveCfg = Debug|Any CPU
		{7A2791B1-76EA-413B-898F-410082B34A20}.Debug|Any CPU.Build.0 = Debug|Any CPU
		{AFBB90A1-1FEB-48FE-997B-253C03F1F10E}.Release|Any CPU.ActiveCfg = Release|Any CPU
		{AFBB90A1-1FEB-48FE-997B-253C03F1F10E}.Release|Any CPU.Build.0 = Release|Any CPU
		{AFBB90A1-1FEB-48FE-997B-253C03F1F10E}.Debug|Any CPU.ActiveCfg = Debug|Any CPU
		{AFBB90A1-1FEB-48FE-997B-253C03F1F10E}.Debug|Any CPU.Build.0 = Debug|Any CPU
		{8A754F72-A5CD-4AE6-B253-57556421C255}.Release|Any CPU.ActiveCfg = Release|Any CPU
		{8A754F72-A5CD-4AE6-B253-57556421C255}.Release|Any CPU.Build.0 = Release|Any CPU
		{8A754F72-A5CD-4AE6-B253-57556421C255}.Debug|Any CPU.ActiveCfg = Debug|Any CPU
		{8A754F72-A5CD-4AE6-B253-57556421C255}.Debug|Any CPU.Build.0 = Debug|Any CPU
		{DEDC332A-E423-4C38-9CC7-7280D24E885F}.Release|Any CPU.ActiveCfg = Release|Any CPU
		{DEDC332A-E423-4C38-9CC7-7280D24E885F}.Release|Any CPU.Build.0 = Release|Any CPU
		{DEDC332A-E423-4C38-9CC7-7280D24E885F}.Debug|Any CPU.ActiveCfg = Debug|Any CPU
		{DEDC332A-E423-4C38-9CC7-7280D24E885F}.Debug|Any CPU.Build.0 = Debug|Any CPU
		{04F7A49F-5696-4B43-80F7-AC5B7F01EB63}.Release|Any CPU.ActiveCfg = Release|Any CPU
		{04F7A49F-5696-4B43-80F7-AC5B7F01EB63}.Release|Any CPU.Build.0 = Release|Any CPU
		{04F7A49F-5696-4B43-80F7-AC5B7F01EB63}.Debug|Any CPU.ActiveCfg = Debug|Any CPU
		{04F7A49F-5696-4B43-80F7-AC5B7F01EB63}.Debug|Any CPU.Build.0 = Debug|Any CPU
		{9C537F5A-EE9E-4508-BCD5-38F6FF9A9078}.Release|Any CPU.ActiveCfg = Release|Any CPU
		{9C537F5A-EE9E-4508-BCD5-38F6FF9A9078}.Release|Any CPU.Build.0 = Release|Any CPU
		{9C537F5A-EE9E-4508-BCD5-38F6FF9A9078}.Debug|Any CPU.ActiveCfg = Debug|Any CPU
		{9C537F5A-EE9E-4508-BCD5-38F6FF9A9078}.Debug|Any CPU.Build.0 = Debug|Any CPU
		{A42FB731-7860-4FF5-BE59-A00FEB7FA35D}.Release|Any CPU.ActiveCfg = Release|Any CPU
		{A42FB731-7860-4FF5-BE59-A00FEB7FA35D}.Release|Any CPU.Build.0 = Release|Any CPU
		{A42FB731-7860-4FF5-BE59-A00FEB7FA35D}.Debug|Any CPU.ActiveCfg = Debug|Any CPU
		{A42FB731-7860-4FF5-BE59-A00FEB7FA35D}.Debug|Any CPU.Build.0 = Debug|Any CPU
		{D7ECEFE3-00AA-470F-A190-EF16732A6C2B}.Release|Any CPU.ActiveCfg = Release|Any CPU
		{D7ECEFE3-00AA-470F-A190-EF16732A6C2B}.Release|Any CPU.Build.0 = Release|Any CPU
		{D7ECEFE3-00AA-470F-A190-EF16732A6C2B}.Debug|Any CPU.ActiveCfg = Debug|Any CPU
		{D7ECEFE3-00AA-470F-A190-EF16732A6C2B}.Debug|Any CPU.Build.0 = Debug|Any CPU
	EndGlobalSection
	GlobalSection(NestedProjects) = preSolution
		{A42FB731-7860-4FF5-BE59-A00FEB7FA35D} = {65D149DE-B420-4651-AE3B-570EF6C0B878}
		{D7ECEFE3-00AA-470F-A190-EF16732A6C2B} = {65D149DE-B420-4651-AE3B-570EF6C0B878}
	EndGlobalSection
EndGlobal
